
Microsoft Visual Studio Solution File, Format Version 12.00
# Visual Studio 15
VisualStudioVersion = 15.0.28010.2036
MinimumVisualStudioVersion = 10.0.40219.1
Project("{FAE04EC0-301F-11D3-BF4B-00C04F79EFBC}") = "CompanyFormsApp", "CompanyFormsApp\CompanyFormsApp.csproj", "{F7B61C79-051F-4A11-A6ED-CDD7F5B4BB2D}"
EndProject
Global
	GlobalSection(SolutionConfigurationPlatforms) = preSolution
		Debug|Any CPU = Debug|Any CPU
		Release|Any CPU = Release|Any CPU
	EndGlobalSection
	GlobalSection(ProjectConfigurationPlatforms) = postSolution
		{F7B61C79-051F-4A11-A6ED-CDD7F5B4BB2D}.Debug|Any CPU.ActiveCfg = Debug|Any CPU
		{F7B61C79-051F-4A11-A6ED-CDD7F5B4BB2D}.Debug|Any CPU.Build.0 = Debug|Any CPU
		{F7B61C79-051F-4A11-A6ED-CDD7F5B4BB2D}.Release|Any CPU.ActiveCfg = Release|Any CPU
		{F7B61C79-051F-4A11-A6ED-CDD7F5B4BB2D}.Release|Any CPU.Build.0 = Release|Any CPU
	EndGlobalSection
	GlobalSection(SolutionProperties) = preSolution
		HideSolutionNode = FALSE
	EndGlobalSection
	GlobalSection(ExtensibilityGlobals) = postSolution
		SolutionGuid = {366C9CC1-ED31-4F9E-BFFB-B86D617664DC}
	EndGlobalSection
EndGlobal
